<?xml version="1.0" encoding="utf-8"?>
<Project ToolsVersion="4.0" xmlns="http://schemas.microsoft.com/developer/msbuild/2003">
  <ItemGroup>
    <Filter Include="Source Files">
      <UniqueIdentifier>{6beeee9c-e57b-4629-ba6a-37e3e9c8ced3}</UniqueIdentifier>
      <Extensions>cpp;c;cxx;rc;def;r;odl;idl;hpj;bat</Extensions>
    </Filter>
    <Filter Include="Header Files">
      <UniqueIdentifier>{fed89d05-bc08-4d96-807e-c277a5275a2a}</UniqueIdentifier>
      <Extensions>h;hpp;hxx;hm;inl</Extensions>
    </Filter>
    <Filter Include="Resource Files">
      <UniqueIdentifier>{480e71de-0322-4bc0-8b39-d35afc80da9c}</UniqueIdentifier>
      <Extensions>ico;cur;bmp;dlg;rc2;rct;bin;rgs;gif;jpg;jpeg;jpe</Extensions>
    </Filter>
  </ItemGroup>
  <ItemGroup>
    <ClCompile Include="ArcBall.cpp">
      <Filter>Source Files</Filter>
    </ClCompile>
    <ClCompile Include="Lesson48.cpp">
      <Filter>Source Files</Filter>
    </ClCompile>
    <ClCompile Include="NeHeGL.cpp">
      <Filter>Source Files</Filter>
    </ClCompile>
  </ItemGroup>
  <ItemGroup>
    <ClInclude Include="ArcBall.h">
      <Filter>Header Files</Filter>
    </ClInclude>
    <ClInclude Include="NeHeGL.h">
      <Filter>Header Files</Filter>
    </ClInclude>
  </ItemGroup>
</Project>