<?xml version="1.0" encoding="utf-8"?>
<Project ToolsVersion="4.0" xmlns="http://schemas.microsoft.com/developer/msbuild/2003">
  <ItemGroup>
    <Filter Include="Source Files">
      <UniqueIdentifier>{15c3c8fc-1cf6-48fb-877d-0890bdee52eb}</UniqueIdentifier>
      <Extensions>cpp;c;cxx;rc;def;r;odl;idl;hpj;bat</Extensions>
    </Filter>
    <Filter Include="Header Files">
      <UniqueIdentifier>{11dc1d9c-9e19-448d-8550-dd84f8c5b26b}</UniqueIdentifier>
      <Extensions>h;hpp;hxx;hm;inl</Extensions>
    </Filter>
    <Filter Include="Resource Files">
      <UniqueIdentifier>{f4ad5a2d-9a23-419d-8702-e9111fa676fa}</UniqueIdentifier>
      <Extensions>ico;cur;bmp;dlg;rc2;rct;bin;rgs;gif;jpg;jpeg;jpe</Extensions>
    </Filter>
  </ItemGroup>
  <ItemGroup>
    <ClCompile Include="Image.cpp">
      <Filter>Source Files</Filter>
    </ClCompile>
    <ClCompile Include="Lesson30.cpp">
      <Filter>Source Files</Filter>
    </ClCompile>
    <ClCompile Include="Tmatrix.cpp">
      <Filter>Source Files</Filter>
    </ClCompile>
    <ClCompile Include="Tray.cpp">
      <Filter>Source Files</Filter>
    </ClCompile>
    <ClCompile Include="Tvector.cpp">
      <Filter>Source Files</Filter>
    </ClCompile>
  </ItemGroup>
  <ItemGroup>
    <ClInclude Include="Image.h">
      <Filter>Header Files</Filter>
    </ClInclude>
    <ClInclude Include="Mathex.h">
      <Filter>Header Files</Filter>
    </ClInclude>
    <ClInclude Include="Tmatrix.h">
      <Filter>Header Files</Filter>
    </ClInclude>
    <ClInclude Include="Tray.h">
      <Filter>Header Files</Filter>
    </ClInclude>
    <ClInclude Include="Tvector.h">
      <Filter>Header Files</Filter>
    </ClInclude>
  </ItemGroup>
</Project>